
Microsoft Visual Studio Solution File, Format Version 12.00
# Visual Studio Version 17
VisualStudioVersion = 17.11.35312.102
MinimumVisualStudioVersion = 10.0.40219.1
Project("{FAE04EC0-301F-11D3-BF4B-00C04F79EFBC}") = "Registros_CUN", "Registros_CUN\Registros_CUN.csproj", "{F3FDA087-4FDB-4BC9-8FE1-63D0EEC0354E}"
EndProject
Global
	GlobalSection(SolutionConfigurationPlatforms) = preSolution
		Debug|Any CPU = Debug|Any CPU
		Release|Any CPU = Release|Any CPU
	EndGlobalSection
	GlobalSection(ProjectConfigurationPlatforms) = postSolution
		{F3FDA087-4FDB-4BC9-8FE1-63D0EEC0354E}.Debug|Any CPU.ActiveCfg = Debug|Any CPU
		{F3FDA087-4FDB-4BC9-8FE1-63D0EEC0354E}.Debug|Any CPU.Build.0 = Debug|Any CPU
		{F3FDA087-4FDB-4BC9-8FE1-63D0EEC0354E}.Release|Any CPU.ActiveCfg = Release|Any CPU
		{F3FDA087-4FDB-4BC9-8FE1-63D0EEC0354E}.Release|Any CPU.Build.0 = Release|Any CPU
	EndGlobalSection
	GlobalSection(SolutionProperties) = preSolution
		HideSolutionNode = FALSE
	EndGlobalSection
	GlobalSection(ExtensibilityGlobals) = postSolution
		SolutionGuid = {6B3D01F4-AAD4-4D16-91D6-EBBAD266D925}
	EndGlobalSection
EndGlobal
